<?xml version="1.0" encoding="utf-8"?>
<Project ToolsVersion="4.0" xmlns="http://schemas.microsoft.com/developer/msbuild/2003">
  <ItemGroup>
    <Filter Include="Source Files">
      <UniqueIdentifier>{4FC737F1-C7A5-4376-A066-2A32D752A2FF}</UniqueIdentifier>
      <Extensions>cpp;c;cc;cxx;c++;cppm;ixx;def;odl;idl;hpj;bat;asm;asmx</Extensions>
    </Filter>
    <Filter Include="Header Files">
      <UniqueIdentifier>{93995380-89BD-4b04-88EB-625FBE52EBFB}</UniqueIdentifier>
      <Extensions>h;hh;hpp;hxx;h++;hm;inl;inc;ipp;xsd</Extensions>
    </Filter>
    <Filter Include="Resource Files">
      <UniqueIdentifier>{67DA6AB6-F800-4c08-8B7A-83BB121AAD01}</UniqueIdentifier>
      <Extensions>rc;ico;cur;bmp;dlg;rc2;rct;bin;rgs;gif;jpg;jpeg;jpe;resx;tiff;tif;png;wav;mfcribbon-ms</Extensions>
    </Filter>
  </ItemGroup>
  <ItemGroup>
    <ClCompile Include="src\Renderer\Data\loadTextures.cpp">
      <Filter>Source Files</Filter>
    </ClCompile>
    <ClCompile Include="src\Core\Log Managment\Logger .cpp">
      <Filter>Source Files</Filter>
    </ClCompile>
    <ClCompile Include="vendor\Source.cpp">
      <Filter>Source Files</Filter>
    </ClCompile>
    <ClCompile Include="Libraries\imgui\backends\imgui_impl_glfw.cpp">
      <Filter>Source Files</Filter>
    </ClCompile>
    <ClCompile Include="Libraries\imgui\backends\imgui_impl_opengl3.cpp">
      <Filter>Source Files</Filter>
    </ClCompile>
    <ClCompile Include="Libraries\imgui\imgui.cpp">
      <Filter>Source Files</Filter>
    </ClCompile>
    <ClCompile Include="Libraries\imgui\imgui_demo.cpp">
      <Filter>Source Files</Filter>
    </ClCompile>
    <ClCompile Include="Libraries\imgui\imgui_draw.cpp">
      <Filter>Source Files</Filter>
    </ClCompile>
    <ClCompile Include="Libraries\imgui\imgui_tables.cpp">
      <Filter>Source Files</Filter>
    </ClCompile>
    <ClCompile Include="Libraries\imgui\imgui_widgets.cpp">
      <Filter>Source Files</Filter>
    </ClCompile>
    <ClCompile Include="NewFolder1\FileName.cpp">
      <Filter>Source Files</Filter>
    </ClCompile>
    <ClCompile Include="Umbrella Engine.cpp">
      <Filter>Source Files</Filter>
    </ClCompile>
  </ItemGroup>
  <ItemGroup>
    <ClInclude Include="Umbrella Engine.h">
      <Filter>Header Files</Filter>
    </ClInclude>
    <ClInclude Include="src\Renderer\Data\loadTextures.h">
      <Filter>Header Files</Filter>
    </ClInclude>
    <ClInclude Include="src\Core\Log Managment\Logger.h">
      <Filter>Header Files</Filter>
    </ClInclude>
    <ClInclude Include="src\Renderer\Data\MaterialData.h">
      <Filter>Header Files</Filter>
    </ClInclude>
    <ClInclude Include="src\Renderer\API\GraphicsAPI\GraphicsAPI.h">
      <Filter>Header Files</Filter>
    </ClInclude>
    <ClInclude Include="src\Renderer\API\GraphicsAPI\openglGraphicAPI.h">
      <Filter>Header Files</Filter>
    </ClInclude>
    <ClInclude Include="src\Renderer\ECS\Entity.h">
      <Filter>Header Files</Filter>
    </ClInclude>
    <ClInclude Include="src\Renderer\Data\Data.h">
      <Filter>Header Files</Filter>
    </ClInclude>
    <ClInclude Include="src\Input\InputManager.h">
      <Filter>Header Files</Filter>
    </ClInclude>
    <ClInclude Include="src\Physics\API\PhysicsBody.h">
      <Filter>Header Files</Filter>
    </ClInclude>
    <ClInclude Include="src\Physics\API\PhysicsWorldAPI.h">
      <Filter>Header Files</Filter>
    </ClInclude>
    <ClInclude Include="src\Physics\BuletAPI\BulletPhysicsWorldAPI.h">
      <Filter>Header Files</Filter>
    </ClInclude>
    <ClInclude Include="src\Physics\BuletAPI\BulletPhysicsBody.h">
      <Filter>Header Files</Filter>
    </ClInclude>
    <ClInclude Include="Libraries\imgui\backends\imgui_impl_glfw.h">
      <Filter>Header Files</Filter>
    </ClInclude>
    <ClInclude Include="Libraries\imgui\backends\imgui_impl_opengl3.h">
      <Filter>Header Files</Filter>
    </ClInclude>
    <ClInclude Include="Libraries\imgui\backends\imgui_impl_opengl3_loader.h">
      <Filter>Header Files</Filter>
    </ClInclude>
    <ClInclude Include="Libraries\imgui\imconfig.h">
      <Filter>Header Files</Filter>
    </ClInclude>
    <ClInclude Include="Libraries\imgui\imgui.h">
      <Filter>Header Files</Filter>
    </ClInclude>
    <ClInclude Include="Libraries\imgui\imgui_internal.h">
      <Filter>Header Files</Filter>
    </ClInclude>
    <ClInclude Include="Libraries\imgui\imstb_rectpack.h">
      <Filter>Header Files</Filter>
    </ClInclude>
    <ClInclude Include="Libraries\imgui\imstb_textedit.h">
      <Filter>Header Files</Filter>
    </ClInclude>
    <ClInclude Include="Libraries\imgui\imstb_truetype.h">
      <Filter>Header Files</Filter>
    </ClInclude>
    <ClInclude Include="Libraries\physx\characterkinematic\PxBoxController.h">
      <Filter>Header Files</Filter>
    </ClInclude>
    <ClInclude Include="Libraries\physx\characterkinematic\PxCapsuleController.h">
      <Filter>Header Files</Filter>
    </ClInclude>
    <ClInclude Include="Libraries\physx\characterkinematic\PxController.h">
      <Filter>Header Files</Filter>
    </ClInclude>
    <ClInclude Include="Libraries\physx\characterkinematic\PxControllerBehavior.h">
      <Filter>Header Files</Filter>
    </ClInclude>
    <ClInclude Include="Libraries\physx\characterkinematic\PxControllerManager.h">
      <Filter>Header Files</Filter>
    </ClInclude>
    <ClInclude Include="Libraries\physx\characterkinematic\PxControllerObstacles.h">
      <Filter>Header Files</Filter>
    </ClInclude>
    <ClInclude Include="Libraries\physx\characterkinematic\PxExtended.h">
      <Filter>Header Files</Filter>
    </ClInclude>
    <ClInclude Include="Libraries\physx\collision\PxCollisionDefs.h">
      <Filter>Header Files</Filter>
    </ClInclude>
    <ClInclude Include="Libraries\physx\common\PxBase.h">
      <Filter>Header Files</Filter>
    </ClInclude>
    <ClInclude Include="Libraries\physx\common\PxCollection.h">
      <Filter>Header Files</Filter>
    </ClInclude>
    <ClInclude Include="Libraries\physx\common\PxCoreUtilityTypes.h">
      <Filter>Header Files</Filter>
    </ClInclude>
    <ClInclude Include="Libraries\physx\common\PxInsertionCallback.h">
      <Filter>Header Files</Filter>
    </ClInclude>
    <ClInclude Include="Libraries\physx\common\PxPhysXCommonConfig.h">
      <Filter>Header Files</Filter>
    </ClInclude>
    <ClInclude Include="Libraries\physx\common\PxProfileZone.h">
      <Filter>Header Files</Filter>
    </ClInclude>
    <ClInclude Include="Libraries\physx\common\PxRenderBuffer.h">
      <Filter>Header Files</Filter>
    </ClInclude>
    <ClInclude Include="Libraries\physx\common\PxRenderOutput.h">
      <Filter>Header Files</Filter>
    </ClInclude>
    <ClInclude Include="Libraries\physx\common\PxSerialFramework.h">
      <Filter>Header Files</Filter>
    </ClInclude>
    <ClInclude Include="Libraries\physx\common\PxSerializer.h">
      <Filter>Header Files</Filter>
    </ClInclude>
    <ClInclude Include="Libraries\physx\common\PxStringTable.h">
      <Filter>Header Files</Filter>
    </ClInclude>
    <ClInclude Include="Libraries\physx\common\PxTolerancesScale.h">
      <Filter>Header Files</Filter>
    </ClInclude>
    <ClInclude Include="Libraries\physx\common\PxTypeInfo.h">
      <Filter>Header Files</Filter>
    </ClInclude>
    <ClInclude Include="Libraries\physx\common\windows\PxWindowsDelayLoadHook.h">
      <Filter>Header Files</Filter>
    </ClInclude>
    <ClInclude Include="Libraries\physx\cooking\PxBVH33MidphaseDesc.h">
      <Filter>Header Files</Filter>
    </ClInclude>
    <ClInclude Include="Libraries\physx\cooking\PxBVH34MidphaseDesc.h">
      <Filter>Header Files</Filter>
    </ClInclude>
    <ClInclude Include="Libraries\physx\cooking\PxBVHDesc.h">
      <Filter>Header Files</Filter>
    </ClInclude>
    <ClInclude Include="Libraries\physx\cooking\Pxc.h">
      <Filter>Header Files</Filter>
    </ClInclude>
    <ClInclude Include="Libraries\physx\cooking\PxConvexMeshDesc.h">
      <Filter>Header Files</Filter>
    </ClInclude>
    <ClInclude Include="Libraries\physx\cooking\PxCooking.h">
      <Filter>Header Files</Filter>
    </ClInclude>
    <ClInclude Include="Libraries\physx\cooking\PxCookingInternal.h">
      <Filter>Header Files</Filter>
    </ClInclude>
    <ClInclude Include="Libraries\physx\cooking\PxMidphaseDesc.h">
      <Filter>Header Files</Filter>
    </ClInclude>
    <ClInclude Include="Libraries\physx\cooking\PxSDFDesc.h">
      <Filter>Header Files</Filter>
    </ClInclude>
    <ClInclude Include="Libraries\physx\cooking\PxTetrahedronMeshDesc.h">
      <Filter>Header Files</Filter>
    </ClInclude>
    <ClInclude Include="Libraries\physx\cooking\PxTriangleMeshDesc.h">
      <Filter>Header Files</Filter>
    </ClInclude>
    <ClInclude Include="Libraries\physx\cudamanager\PxCudaContext.h">
      <Filter>Header Files</Filter>
    </ClInclude>
    <ClInclude Include="Libraries\physx\cudamanager\PxCudaContextManager.h">
      <Filter>Header Files</Filter>
    </ClInclude>
    <ClInclude Include="Libraries\physx\cudamanager\PxCudaTypes.h">
      <Filter>Header Files</Filter>
    </ClInclude>
    <ClInclude Include="Libraries\physx\extensions\PxBroadPhaseExt.h">
      <Filter>Header Files</Filter>
    </ClInclude>
    <ClInclude Include="Libraries\physx\extensions\PxCollectionExt.h">
      <Filter>Header Files</Filter>
    </ClInclude>
    <ClInclude Include="Libraries\physx\extensions\PxConstraintExt.h">
      <Filter>Header Files</Filter>
    </ClInclude>
    <ClInclude Include="Libraries\physx\extensions\PxConvexCoreExt.h">
      <Filter>Header Files</Filter>
    </ClInclude>
    <ClInclude Include="Libraries\physx\extensions\PxConvexMeshExt.h">
      <Filter>Header Files</Filter>
    </ClInclude>
    <ClInclude Include="Libraries\physx\extensions\PxCudaHelpersExt.h">
      <Filter>Header Files</Filter>
    </ClInclude>
    <ClInclude Include="Libraries\physx\extensions\PxCustomGeometryExt.h">
      <Filter>Header Files</Filter>
    </ClInclude>
    <ClInclude Include="Libraries\physx\extensions\PxCustomSceneQuerySystem.h">
      <Filter>Header Files</Filter>
    </ClInclude>
    <ClInclude Include="Libraries\physx\extensions\PxD6Joint.h">
      <Filter>Header Files</Filter>
    </ClInclude>
    <ClInclude Include="Libraries\physx\extensions\PxD6JointCreate.h">
      <Filter>Header Files</Filter>
    </ClInclude>
    <ClInclude Include="Libraries\physx\extensions\PxDefaultAllocator.h">
      <Filter>Header Files</Filter>
    </ClInclude>
    <ClInclude Include="Libraries\physx\extensions\PxDefaultCpuDispatcher.h">
      <Filter>Header Files</Filter>
    </ClInclude>
    <ClInclude Include="Libraries\physx\extensions\PxDefaultErrorCallback.h">
      <Filter>Header Files</Filter>
    </ClInclude>
    <ClInclude Include="Libraries\physx\extensions\PxDefaultProfiler.h">
      <Filter>Header Files</Filter>
    </ClInclude>
    <ClInclude Include="Libraries\physx\extensions\PxDefaultSimulationFilterShader.h">
      <Filter>Header Files</Filter>
    </ClInclude>
    <ClInclude Include="Libraries\physx\extensions\PxDefaultStreams.h">
      <Filter>Header Files</Filter>
    </ClInclude>
    <ClInclude Include="Libraries\physx\extensions\PxDeformableSkinningExt.h">
      <Filter>Header Files</Filter>
    </ClInclude>
    <ClInclude Include="Libraries\physx\extensions\PxDeformableSurfaceExt.h">
      <Filter>Header Files</Filter>
    </ClInclude>
    <ClInclude Include="Libraries\physx\extensions\PxDeformableVolumeExt.h">
      <Filter>Header Files</Filter>
    </ClInclude>
    <ClInclude Include="Libraries\physx\extensions\PxDistanceJoint.h">
      <Filter>Header Files</Filter>
    </ClInclude>
    <ClInclude Include="Libraries\physx\extensions\PxExtensionsAPI.h">
      <Filter>Header Files</Filter>
    </ClInclude>
    <ClInclude Include="Libraries\physx\extensions\PxFixedJoint.h">
      <Filter>Header Files</Filter>
    </ClInclude>
    <ClInclude Include="Libraries\physx\extensions\PxGearJoint.h">
      <Filter>Header Files</Filter>
    </ClInclude>
    <ClInclude Include="Libraries\physx\extensions\PxGjkQueryExt.h">
      <Filter>Header Files</Filter>
    </ClInclude>
    <ClInclude Include="Libraries\physx\extensions\PxJoint.h">
      <Filter>Header Files</Filter>
    </ClInclude>
    <ClInclude Include="Libraries\physx\extensions\PxJointLimit.h">
      <Filter>Header Files</Filter>
    </ClInclude>
    <ClInclude Include="Libraries\physx\extensions\PxMassProperties.h">
      <Filter>Header Files</Filter>
    </ClInclude>
    <ClInclude Include="Libraries\physx\extensions\PxParticleClothCooker.h">
      <Filter>Header Files</Filter>
    </ClInclude>
    <ClInclude Include="Libraries\physx\extensions\PxParticleExt.h">
      <Filter>Header Files</Filter>
    </ClInclude>
    <ClInclude Include="Libraries\physx\extensions\PxPrismaticJoint.h">
      <Filter>Header Files</Filter>
    </ClInclude>
    <ClInclude Include="Libraries\physx\extensions\PxRackAndPinionJoint.h">
      <Filter>Header Files</Filter>
    </ClInclude>
    <ClInclude Include="Libraries\physx\extensions\PxRaycastCCD.h">
      <Filter>Header Files</Filter>
    </ClInclude>
    <ClInclude Include="Libraries\physx\extensions\PxRemeshingExt.h">
      <Filter>Header Files</Filter>
    </ClInclude>
    <ClInclude Include="Libraries\physx\extensions\PxRepXSerializer.h">
      <Filter>Header Files</Filter>
    </ClInclude>
    <ClInclude Include="Libraries\physx\extensions\PxRepXSimpleType.h">
      <Filter>Header Files</Filter>
    </ClInclude>
    <ClInclude Include="Libraries\physx\extensions\PxRevoluteJoint.h">
      <Filter>Header Files</Filter>
    </ClInclude>
    <ClInclude Include="Libraries\physx\extensions\PxRigidActorExt.h">
      <Filter>Header Files</Filter>
    </ClInclude>
    <ClInclude Include="Libraries\physx\extensions\PxRigidBodyExt.h">
      <Filter>Header Files</Filter>
    </ClInclude>
    <ClInclude Include="Libraries\physx\extensions\PxSamplingExt.h">
      <Filter>Header Files</Filter>
    </ClInclude>
    <ClInclude Include="Libraries\physx\extensions\PxSceneQueryExt.h">
      <Filter>Header Files</Filter>
    </ClInclude>
    <ClInclude Include="Libraries\physx\extensions\PxSceneQuerySystemExt.h">
      <Filter>Header Files</Filter>
    </ClInclude>
    <ClInclude Include="Libraries\physx\extensions\PxSerialization.h">
      <Filter>Header Files</Filter>
    </ClInclude>
    <ClInclude Include="Libraries\physx\extensions\PxShapeExt.h">
      <Filter>Header Files</Filter>
    </ClInclude>
    <ClInclude Include="Libraries\physx\extensions\PxSimpleFactory.h">
      <Filter>Header Files</Filter>
    </ClInclude>
    <ClInclude Include="Libraries\physx\extensions\PxSmoothNormals.h">
      <Filter>Header Files</Filter>
    </ClInclude>
    <ClInclude Include="Libraries\physx\extensions\PxSoftBodyExt.h">
      <Filter>Header Files</Filter>
    </ClInclude>
    <ClInclude Include="Libraries\physx\extensions\PxSphericalJoint.h">
      <Filter>Header Files</Filter>
    </ClInclude>
    <ClInclude Include="Libraries\physx\extensions\PxStringTableExt.h">
      <Filter>Header Files</Filter>
    </ClInclude>
    <ClInclude Include="Libraries\physx\extensions\PxTetMakerExt.h">
      <Filter>Header Files</Filter>
    </ClInclude>
    <ClInclude Include="Libraries\physx\extensions\PxTetrahedronMeshAnalysisResult.h">
      <Filter>Header Files</Filter>
    </ClInclude>
    <ClInclude Include="Libraries\physx\extensions\PxTetrahedronMeshExt.h">
      <Filter>Header Files</Filter>
    </ClInclude>
    <ClInclude Include="Libraries\physx\extensions\PxTriangleMeshAnalysisResult.h">
      <Filter>Header Files</Filter>
    </ClInclude>
    <ClInclude Include="Libraries\physx\extensions\PxTriangleMeshExt.h">
      <Filter>Header Files</Filter>
    </ClInclude>
    <ClInclude Include="Libraries\physx\filebuf\PxFileBuf.h">
      <Filter>Header Files</Filter>
    </ClInclude>
    <ClInclude Include="Libraries\physx\foundation\PxAlignedMalloc.h">
      <Filter>Header Files</Filter>
    </ClInclude>
    <ClInclude Include="Libraries\physx\foundation\PxAlloca.h">
      <Filter>Header Files</Filter>
    </ClInclude>
    <ClInclude Include="Libraries\physx\foundation\PxAllocator.h">
      <Filter>Header Files</Filter>
    </ClInclude>
    <ClInclude Include="Libraries\physx\foundation\PxAllocatorCallback.h">
      <Filter>Header Files</Filter>
    </ClInclude>
    <ClInclude Include="Libraries\physx\foundation\PxAoS.h">
      <Filter>Header Files</Filter>
    </ClInclude>
    <ClInclude Include="Libraries\physx\foundation\PxArray.h">
      <Filter>Header Files</Filter>
    </ClInclude>
    <ClInclude Include="Libraries\physx\foundation\PxAssert.h">
      <Filter>Header Files</Filter>
    </ClInclude>
    <ClInclude Include="Libraries\physx\foundation\PxAtomic.h">
      <Filter>Header Files</Filter>
    </ClInclude>
    <ClInclude Include="Libraries\physx\foundation\PxBasicTemplates.h">
      <Filter>Header Files</Filter>
    </ClInclude>
    <ClInclude Include="Libraries\physx\foundation\PxBitAndData.h">
      <Filter>Header Files</Filter>
    </ClInclude>
    <ClInclude Include="Libraries\physx\foundation\PxBitMap.h">
      <Filter>Header Files</Filter>
    </ClInclude>
    <ClInclude Include="Libraries\physx\foundation\PxBitUtils.h">
      <Filter>Header Files</Filter>
    </ClInclude>
    <ClInclude Include="Libraries\physx\foundation\PxBounds3.h">
      <Filter>Header Files</Filter>
    </ClInclude>
    <ClInclude Include="Libraries\physx\foundation\PxBroadcast.h">
      <Filter>Header Files</Filter>
    </ClInclude>
    <ClInclude Include="Libraries\physx\foundation\PxConstructor.h">
      <Filter>Header Files</Filter>
    </ClInclude>
    <ClInclude Include="Libraries\physx\foundation\PxErrorCallback.h">
      <Filter>Header Files</Filter>
    </ClInclude>
    <ClInclude Include="Libraries\physx\foundation\PxErrors.h">
      <Filter>Header Files</Filter>
    </ClInclude>
    <ClInclude Include="Libraries\physx\foundation\PxFlags.h">
      <Filter>Header Files</Filter>
    </ClInclude>
    <ClInclude Include="Libraries\physx\foundation\PxFoundation.h">
      <Filter>Header Files</Filter>
    </ClInclude>
    <ClInclude Include="Libraries\physx\foundation\PxFoundationConfig.h">
      <Filter>Header Files</Filter>
    </ClInclude>
    <ClInclude Include="Libraries\physx\foundation\PxFPU.h">
      <Filter>Header Files</Filter>
    </ClInclude>
    <ClInclude Include="Libraries\physx\foundation\PxHash.h">
      <Filter>Header Files</Filter>
    </ClInclude>
    <ClInclude Include="Libraries\physx\foundation\PxHashInternals.h">
      <Filter>Header Files</Filter>
    </ClInclude>
    <ClInclude Include="Libraries\physx\foundation\PxHashMap.h">
      <Filter>Header Files</Filter>
    </ClInclude>
    <ClInclude Include="Libraries\physx\foundation\PxHashSet.h">
      <Filter>Header Files</Filter>
    </ClInclude>
    <ClInclude Include="Libraries\physx\foundation\PxInlineAllocator.h">
      <Filter>Header Files</Filter>
    </ClInclude>
    <ClInclude Include="Libraries\physx\foundation\PxInlineAoS.h">
      <Filter>Header Files</Filter>
    </ClInclude>
    <ClInclude Include="Libraries\physx\foundation\PxInlineArray.h">
      <Filter>Header Files</Filter>
    </ClInclude>
    <ClInclude Include="Libraries\physx\foundation\PxIntrinsics.h">
      <Filter>Header Files</Filter>
    </ClInclude>
    <ClInclude Include="Libraries\physx\foundation\PxIO.h">
      <Filter>Header Files</Filter>
    </ClInclude>
    <ClInclude Include="Libraries\physx\foundation\PxMat33.h">
      <Filter>Header Files</Filter>
    </ClInclude>
    <ClInclude Include="Libraries\physx\foundation\PxMat34.h">
      <Filter>Header Files</Filter>
    </ClInclude>
    <ClInclude Include="Libraries\physx\foundation\PxMat44.h">
      <Filter>Header Files</Filter>
    </ClInclude>
    <ClInclude Include="Libraries\physx\foundation\PxMath.h">
      <Filter>Header Files</Filter>
    </ClInclude>
    <ClInclude Include="Libraries\physx\foundation\PxMathIntrinsics.h">
      <Filter>Header Files</Filter>
    </ClInclude>
    <ClInclude Include="Libraries\physx\foundation\PxMathUtils.h">
      <Filter>Header Files</Filter>
    </ClInclude>
    <ClInclude Include="Libraries\physx\foundation\PxMemory.h">
      <Filter>Header Files</Filter>
    </ClInclude>
    <ClInclude Include="Libraries\physx\foundation\PxMutex.h">
      <Filter>Header Files</Filter>
    </ClInclude>
    <ClInclude Include="Libraries\physx\foundation\PxPhysicsVersion.h">
      <Filter>Header Files</Filter>
    </ClInclude>
    <ClInclude Include="Libraries\physx\foundation\PxPinnedArray.h">
      <Filter>Header Files</Filter>
    </ClInclude>
    <ClInclude Include="Libraries\physx\foundation\PxPinnedBitMap.h">
      <Filter>Header Files</Filter>
    </ClInclude>
    <ClInclude Include="Libraries\physx\foundation\PxPlane.h">
      <Filter>Header Files</Filter>
    </ClInclude>
    <ClInclude Include="Libraries\physx\foundation\PxPool.h">
      <Filter>Header Files</Filter>
    </ClInclude>
    <ClInclude Include="Libraries\physx\foundation\PxPreprocessor.h">
      <Filter>Header Files</Filter>
    </ClInclude>
    <ClInclude Include="Libraries\physx\foundation\PxProfiler.h">
      <Filter>Header Files</Filter>
    </ClInclude>
    <ClInclude Include="Libraries\physx\foundation\PxQuat.h">
      <Filter>Header Files</Filter>
    </ClInclude>
    <ClInclude Include="Libraries\physx\foundation\PxSIMDHelpers.h">
      <Filter>Header Files</Filter>
    </ClInclude>
    <ClInclude Include="Libraries\physx\foundation\PxSimpleTypes.h">
      <Filter>Header Files</Filter>
    </ClInclude>
    <ClInclude Include="Libraries\physx\foundation\PxSList.h">
      <Filter>Header Files</Filter>
    </ClInclude>
    <ClInclude Include="Libraries\physx\foundation\PxSocket.h">
      <Filter>Header Files</Filter>
    </ClInclude>
    <ClInclude Include="Libraries\physx\foundation\PxSort.h">
      <Filter>Header Files</Filter>
    </ClInclude>
    <ClInclude Include="Libraries\physx\foundation\PxSortInternals.h">
      <Filter>Header Files</Filter>
    </ClInclude>
    <ClInclude Include="Libraries\physx\foundation\PxStrideIterator.h">
      <Filter>Header Files</Filter>
    </ClInclude>
    <ClInclude Include="Libraries\physx\foundation\PxString.h">
      <Filter>Header Files</Filter>
    </ClInclude>
    <ClInclude Include="Libraries\physx\foundation\PxSync.h">
      <Filter>Header Files</Filter>
    </ClInclude>
    <ClInclude Include="Libraries\physx\foundation\PxTempAllocator.h">
      <Filter>Header Files</Filter>
    </ClInclude>
    <ClInclude Include="Libraries\physx\foundation\PxThread.h">
      <Filter>Header Files</Filter>
    </ClInclude>
    <ClInclude Include="Libraries\physx\foundation\PxTime.h">
      <Filter>Header Files</Filter>
    </ClInclude>
    <ClInclude Include="Libraries\physx\foundation\PxTransform.h">
      <Filter>Header Files</Filter>
    </ClInclude>
    <ClInclude Include="Libraries\physx\foundation\PxUnionCast.h">
      <Filter>Header Files</Filter>
    </ClInclude>
    <ClInclude Include="Libraries\physx\foundation\PxUserAllocated.h">
      <Filter>Header Files</Filter>
    </ClInclude>
    <ClInclude Include="Libraries\physx\foundation\PxUtilities.h">
      <Filter>Header Files</Filter>
    </ClInclude>
    <ClInclude Include="Libraries\physx\foundation\PxVec2.h">
      <Filter>Header Files</Filter>
    </ClInclude>
    <ClInclude Include="Libraries\physx\foundation\PxVec3.h">
      <Filter>Header Files</Filter>
    </ClInclude>
    <ClInclude Include="Libraries\physx\foundation\PxVec4.h">
      <Filter>Header Files</Filter>
    </ClInclude>
    <ClInclude Include="Libraries\physx\foundation\PxVecMath.h">
      <Filter>Header Files</Filter>
    </ClInclude>
    <ClInclude Include="Libraries\physx\foundation\PxVecMathAoSScalar.h">
      <Filter>Header Files</Filter>
    </ClInclude>
    <ClInclude Include="Libraries\physx\foundation\PxVecMathAoSScalarInline.h">
      <Filter>Header Files</Filter>
    </ClInclude>
    <ClInclude Include="Libraries\physx\foundation\PxVecMathSSE.h">
      <Filter>Header Files</Filter>
    </ClInclude>
    <ClInclude Include="Libraries\physx\foundation\PxVecQuat.h">
      <Filter>Header Files</Filter>
    </ClInclude>
    <ClInclude Include="Libraries\physx\foundation\PxVecTransform.h">
      <Filter>Header Files</Filter>
    </ClInclude>
    <ClInclude Include="Libraries\physx\foundation\unix\neon\PxUnixNeonAoS.h">
      <Filter>Header Files</Filter>
    </ClInclude>
    <ClInclude Include="Libraries\physx\foundation\unix\neon\PxUnixNeonInlineAoS.h">
      <Filter>Header Files</Filter>
    </ClInclude>
    <ClInclude Include="Libraries\physx\foundation\unix\PxUnixAoS.h">
      <Filter>Header Files</Filter>
    </ClInclude>
    <ClInclude Include="Libraries\physx\foundation\unix\PxUnixFPU.h">
      <Filter>Header Files</Filter>
    </ClInclude>
    <ClInclude Include="Libraries\physx\foundation\unix\PxUnixInlineAoS.h">
      <Filter>Header Files</Filter>
    </ClInclude>
    <ClInclude Include="Libraries\physx\foundation\unix\PxUnixIntrinsics.h">
      <Filter>Header Files</Filter>
    </ClInclude>
    <ClInclude Include="Libraries\physx\foundation\unix\PxUnixMathIntrinsics.h">
      <Filter>Header Files</Filter>
    </ClInclude>
    <ClInclude Include="Libraries\physx\foundation\unix\PxUnixTrigConstants.h">
      <Filter>Header Files</Filter>
    </ClInclude>
    <ClInclude Include="Libraries\physx\foundation\unix\sse2\PxUnixSse2AoS.h">
      <Filter>Header Files</Filter>
    </ClInclude>
    <ClInclude Include="Libraries\physx\foundation\unix\sse2\PxUnixSse2InlineAoS.h">
      <Filter>Header Files</Filter>
    </ClInclude>
    <ClInclude Include="Libraries\physx\foundation\windows\PxWindowsAoS.h">
      <Filter>Header Files</Filter>
    </ClInclude>
    <ClInclude Include="Libraries\physx\foundation\windows\PxWindowsFPU.h">
      <Filter>Header Files</Filter>
    </ClInclude>
    <ClInclude Include="Libraries\physx\foundation\windows\PxWindowsInclude.h">
      <Filter>Header Files</Filter>
    </ClInclude>
    <ClInclude Include="Libraries\physx\foundation\windows\PxWindowsInlineAoS.h">
      <Filter>Header Files</Filter>
    </ClInclude>
    <ClInclude Include="Libraries\physx\foundation\windows\PxWindowsIntrinsics.h">
      <Filter>Header Files</Filter>
    </ClInclude>
    <ClInclude Include="Libraries\physx\foundation\windows\PxWindowsMathIntrinsics.h">
      <Filter>Header Files</Filter>
    </ClInclude>
    <ClInclude Include="Libraries\physx\foundation\windows\PxWindowsTrigConstants.h">
      <Filter>Header Files</Filter>
    </ClInclude>
    <ClInclude Include="Libraries\physx\geometry\PxBoxGeometry.h">
      <Filter>Header Files</Filter>
    </ClInclude>
    <ClInclude Include="Libraries\physx\geometry\PxBVH.h">
      <Filter>Header Files</Filter>
    </ClInclude>
    <ClInclude Include="Libraries\physx\geometry\PxBVHBuildStrategy.h">
      <Filter>Header Files</Filter>
    </ClInclude>
    <ClInclude Include="Libraries\physx\geometry\PxCapsuleGeometry.h">
      <Filter>Header Files</Filter>
    </ClInclude>
    <ClInclude Include="Libraries\physx\geometry\PxConvexCoreGeometry.h">
      <Filter>Header Files</Filter>
    </ClInclude>
    <ClInclude Include="Libraries\physx\geometry\PxConvexMesh.h">
      <Filter>Header Files</Filter>
    </ClInclude>
    <ClInclude Include="Libraries\physx\geometry\PxConvexMeshGeometry.h">
      <Filter>Header Files</Filter>
    </ClInclude>
    <ClInclude Include="Libraries\physx\geometry\PxCustomGeometry.h">
      <Filter>Header Files</Filter>
    </ClInclude>
    <ClInclude Include="Libraries\physx\geometry\PxGeometry.h">
      <Filter>Header Files</Filter>
    </ClInclude>
    <ClInclude Include="Libraries\physx\geometry\PxGeometryHelpers.h">
      <Filter>Header Files</Filter>
    </ClInclude>
    <ClInclude Include="Libraries\physx\geometry\PxGeometryHit.h">
      <Filter>Header Files</Filter>
    </ClInclude>
    <ClInclude Include="Libraries\physx\geometry\PxGeometryInternal.h">
      <Filter>Header Files</Filter>
    </ClInclude>
    <ClInclude Include="Libraries\physx\geometry\PxGeometryQuery.h">
      <Filter>Header Files</Filter>
    </ClInclude>
    <ClInclude Include="Libraries\physx\geometry\PxGeometryQueryContext.h">
      <Filter>Header Files</Filter>
    </ClInclude>
    <ClInclude Include="Libraries\physx\geometry\PxGeometryQueryFlags.h">
      <Filter>Header Files</Filter>
    </ClInclude>
    <ClInclude Include="Libraries\physx\geometry\PxGjkQuery.h">
      <Filter>Header Files</Filter>
    </ClInclude>
    <ClInclude Include="Libraries\physx\geometry\PxHeightField.h">
      <Filter>Header Files</Filter>
    </ClInclude>
    <ClInclude Include="Libraries\physx\geometry\PxHeightFieldDesc.h">
      <Filter>Header Files</Filter>
    </ClInclude>
    <ClInclude Include="Libraries\physx\geometry\PxHeightFieldFlag.h">
      <Filter>Header Files</Filter>
    </ClInclude>
    <ClInclude Include="Libraries\physx\geometry\PxHeightFieldGeometry.h">
      <Filter>Header Files</Filter>
    </ClInclude>
    <ClInclude Include="Libraries\physx\geometry\PxHeightFieldSample.h">
      <Filter>Header Files</Filter>
    </ClInclude>
    <ClInclude Include="Libraries\physx\geometry\PxMeshQuery.h">
      <Filter>Header Files</Filter>
    </ClInclude>
    <ClInclude Include="Libraries\physx\geometry\PxMeshScale.h">
      <Filter>Header Files</Filter>
    </ClInclude>
    <ClInclude Include="Libraries\physx\geometry\PxParticleSystemGeometry.h">
      <Filter>Header Files</Filter>
    </ClInclude>
    <ClInclude Include="Libraries\physx\geometry\PxPlaneGeometry.h">
      <Filter>Header Files</Filter>
    </ClInclude>
    <ClInclude Include="Libraries\physx\geometry\PxReportCallback.h">
      <Filter>Header Files</Filter>
    </ClInclude>
    <ClInclude Include="Libraries\physx\geometry\PxSimpleTriangleMesh.h">
      <Filter>Header Files</Filter>
    </ClInclude>
    <ClInclude Include="Libraries\physx\geometry\PxSphereGeometry.h">
      <Filter>Header Files</Filter>
    </ClInclude>
    <ClInclude Include="Libraries\physx\geometry\PxTetrahedron.h">
      <Filter>Header Files</Filter>
    </ClInclude>
    <ClInclude Include="Libraries\physx\geometry\PxTetrahedronMesh.h">
      <Filter>Header Files</Filter>
    </ClInclude>
    <ClInclude Include="Libraries\physx\geometry\PxTetrahedronMeshGeometry.h">
      <Filter>Header Files</Filter>
    </ClInclude>
    <ClInclude Include="Libraries\physx\geometry\PxTriangle.h">
      <Filter>Header Files</Filter>
    </ClInclude>
    <ClInclude Include="Libraries\physx\geometry\PxTriangleMesh.h">
      <Filter>Header Files</Filter>
    </ClInclude>
    <ClInclude Include="Libraries\physx\geometry\PxTriangleMeshGeometry.h">
      <Filter>Header Files</Filter>
    </ClInclude>
    <ClInclude Include="Libraries\physx\geomutils\PxContactBuffer.h">
      <Filter>Header Files</Filter>
    </ClInclude>
    <ClInclude Include="Libraries\physx\geomutils\PxContactPoint.h">
      <Filter>Header Files</Filter>
    </ClInclude>
    <ClInclude Include="Libraries\physx\gpu\PxGpu.h">
      <Filter>Header Files</Filter>
    </ClInclude>
    <ClInclude Include="Libraries\physx\gpu\PxPhysicsGpu.h">
      <Filter>Header Files</Filter>
    </ClInclude>
    <ClInclude Include="Libraries\physx\omnipvd\PxOmniPvd.h">
      <Filter>Header Files</Filter>
    </ClInclude>
    <ClInclude Include="Libraries\physx\pvd\PxPvd.h">
      <Filter>Header Files</Filter>
    </ClInclude>
    <ClInclude Include="Libraries\physx\pvd\PxPvdSceneClient.h">
      <Filter>Header Files</Filter>
    </ClInclude>
    <ClInclude Include="Libraries\physx\pvd\PxPvdTransport.h">
      <Filter>Header Files</Filter>
    </ClInclude>
    <ClInclude Include="Libraries\physx\PxActor.h">
      <Filter>Header Files</Filter>
    </ClInclude>
    <ClInclude Include="Libraries\physx\PxAggregate.h">
      <Filter>Header Files</Filter>
    </ClInclude>
    <ClInclude Include="Libraries\physx\PxAnisotropy.h">
      <Filter>Header Files</Filter>
    </ClInclude>
    <ClInclude Include="Libraries\physx\PxArrayConverter.h">
      <Filter>Header Files</Filter>
    </ClInclude>
    <ClInclude Include="Libraries\physx\PxArticulationFlag.h">
      <Filter>Header Files</Filter>
    </ClInclude>
    <ClInclude Include="Libraries\physx\PxArticulationJointReducedCoordinate.h">
      <Filter>Header Files</Filter>
    </ClInclude>
    <ClInclude Include="Libraries\physx\PxArticulationLink.h">
      <Filter>Header Files</Filter>
    </ClInclude>
    <ClInclude Include="Libraries\physx\PxArticulationMimicJoint.h">
      <Filter>Header Files</Filter>
    </ClInclude>
    <ClInclude Include="Libraries\physx\PxArticulationReducedCoordinate.h">
      <Filter>Header Files</Filter>
    </ClInclude>
    <ClInclude Include="Libraries\physx\PxArticulationTendon.h">
      <Filter>Header Files</Filter>
    </ClInclude>
    <ClInclude Include="Libraries\physx\PxArticulationTendonData.h">
      <Filter>Header Files</Filter>
    </ClInclude>
    <ClInclude Include="Libraries\physx\PxBaseMaterial.h">
      <Filter>Header Files</Filter>
    </ClInclude>
    <ClInclude Include="Libraries\physx\PxBroadPhase.h">
      <Filter>Header Files</Filter>
    </ClInclude>
    <ClInclude Include="Libraries\physx\PxClient.h">
      <Filter>Header Files</Filter>
    </ClInclude>
    <ClInclude Include="Libraries\physx\PxConeLimitedConstraint.h">
      <Filter>Header Files</Filter>
    </ClInclude>
    <ClInclude Include="Libraries\physx\PxConfig.h">
      <Filter>Header Files</Filter>
    </ClInclude>
    <ClInclude Include="Libraries\physx\PxConstraint.h">
      <Filter>Header Files</Filter>
    </ClInclude>
    <ClInclude Include="Libraries\physx\PxConstraintDesc.h">
      <Filter>Header Files</Filter>
    </ClInclude>
    <ClInclude Include="Libraries\physx\PxContact.h">
      <Filter>Header Files</Filter>
    </ClInclude>
    <ClInclude Include="Libraries\physx\PxContactModifyCallback.h">
      <Filter>Header Files</Filter>
    </ClInclude>
    <ClInclude Include="Libraries\physx\PxDeformableAttachment.h">
      <Filter>Header Files</Filter>
    </ClInclude>
    <ClInclude Include="Libraries\physx\PxDeformableBody.h">
      <Filter>Header Files</Filter>
    </ClInclude>
    <ClInclude Include="Libraries\physx\PxDeformableBodyFlag.h">
      <Filter>Header Files</Filter>
    </ClInclude>
    <ClInclude Include="Libraries\physx\PxDeformableElementFilter.h">
      <Filter>Header Files</Filter>
    </ClInclude>
    <ClInclude Include="Libraries\physx\PxDeformableMaterial.h">
      <Filter>Header Files</Filter>
    </ClInclude>
    <ClInclude Include="Libraries\physx\PxDeformableSkinning.h">
      <Filter>Header Files</Filter>
    </ClInclude>
    <ClInclude Include="Libraries\physx\PxDeformableSurface.h">
      <Filter>Header Files</Filter>
    </ClInclude>
    <ClInclude Include="Libraries\physx\PxDeformableSurfaceFlag.h">
      <Filter>Header Files</Filter>
    </ClInclude>
    <ClInclude Include="Libraries\physx\PxDeformableSurfaceMaterial.h">
      <Filter>Header Files</Filter>
    </ClInclude>
    <ClInclude Include="Libraries\physx\PxDeformableVolume.h">
      <Filter>Header Files</Filter>
    </ClInclude>
    <ClInclude Include="Libraries\physx\PxDeformableVolumeFlag.h">
      <Filter>Header Files</Filter>
    </ClInclude>
    <ClInclude Include="Libraries\physx\PxDeformableVolumeMaterial.h">
      <Filter>Header Files</Filter>
    </ClInclude>
    <ClInclude Include="Libraries\physx\PxDeletionListener.h">
      <Filter>Header Files</Filter>
    </ClInclude>
    <ClInclude Include="Libraries\physx\PxDirectGPUAPI.h">
      <Filter>Header Files</Filter>
    </ClInclude>
    <ClInclude Include="Libraries\physx\PxFEMMaterial.h">
      <Filter>Header Files</Filter>
    </ClInclude>
    <ClInclude Include="Libraries\physx\PxFEMParameter.h">
      <Filter>Header Files</Filter>
    </ClInclude>
    <ClInclude Include="Libraries\physx\PxFEMSoftBodyMaterial.h">
      <Filter>Header Files</Filter>
    </ClInclude>
    <ClInclude Include="Libraries\physx\PxFiltering.h">
      <Filter>Header Files</Filter>
    </ClInclude>
    <ClInclude Include="Libraries\physx\PxForceMode.h">
      <Filter>Header Files</Filter>
    </ClInclude>
    <ClInclude Include="Libraries\physx\PxImmediateMode.h">
      <Filter>Header Files</Filter>
    </ClInclude>
    <ClInclude Include="Libraries\physx\PxIsosurfaceExtraction.h">
      <Filter>Header Files</Filter>
    </ClInclude>
    <ClInclude Include="Libraries\physx\PxLockedData.h">
      <Filter>Header Files</Filter>
    </ClInclude>
    <ClInclude Include="Libraries\physx\PxMaterial.h">
      <Filter>Header Files</Filter>
    </ClInclude>
    <ClInclude Include="Libraries\physx\PxNodeIndex.h">
      <Filter>Header Files</Filter>
    </ClInclude>
    <ClInclude Include="Libraries\physx\PxParticleBuffer.h">
      <Filter>Header Files</Filter>
    </ClInclude>
    <ClInclude Include="Libraries\physx\PxParticleGpu.h">
      <Filter>Header Files</Filter>
    </ClInclude>
    <ClInclude Include="Libraries\physx\PxParticleMaterial.h">
      <Filter>Header Files</Filter>
    </ClInclude>
    <ClInclude Include="Libraries\physx\PxParticleNeighborhoodProvider.h">
      <Filter>Header Files</Filter>
    </ClInclude>
    <ClInclude Include="Libraries\physx\PxParticleSolverType.h">
      <Filter>Header Files</Filter>
    </ClInclude>
    <ClInclude Include="Libraries\physx\PxParticleSystem.h">
      <Filter>Header Files</Filter>
    </ClInclude>
    <ClInclude Include="Libraries\physx\PxParticleSystemFlag.h">
      <Filter>Header Files</Filter>
    </ClInclude>
    <ClInclude Include="Libraries\physx\PxPBDMaterial.h">
      <Filter>Header Files</Filter>
    </ClInclude>
    <ClInclude Include="Libraries\physx\PxPBDParticleSystem.h">
      <Filter>Header Files</Filter>
    </ClInclude>
    <ClInclude Include="Libraries\physx\PxPhysics.h">
      <Filter>Header Files</Filter>
    </ClInclude>
    <ClInclude Include="Libraries\physx\PxPhysicsAPI.h">
      <Filter>Header Files</Filter>
    </ClInclude>
    <ClInclude Include="Libraries\physx\PxPhysicsSerialization.h">
      <Filter>Header Files</Filter>
    </ClInclude>
    <ClInclude Include="Libraries\physx\PxPhysXConfig.h">
      <Filter>Header Files</Filter>
    </ClInclude>
    <ClInclude Include="Libraries\physx\PxPruningStructure.h">
      <Filter>Header Files</Filter>
    </ClInclude>
    <ClInclude Include="Libraries\physx\PxQueryFiltering.h">
      <Filter>Header Files</Filter>
    </ClInclude>
    <ClInclude Include="Libraries\physx\PxQueryReport.h">
      <Filter>Header Files</Filter>
    </ClInclude>
    <ClInclude Include="Libraries\physx\PxResidual.h">
      <Filter>Header Files</Filter>
    </ClInclude>
    <ClInclude Include="Libraries\physx\PxRigidActor.h">
      <Filter>Header Files</Filter>
    </ClInclude>
    <ClInclude Include="Libraries\physx\PxRigidBody.h">
      <Filter>Header Files</Filter>
    </ClInclude>
    <ClInclude Include="Libraries\physx\PxRigidDynamic.h">
      <Filter>Header Files</Filter>
    </ClInclude>
    <ClInclude Include="Libraries\physx\PxRigidStatic.h">
      <Filter>Header Files</Filter>
    </ClInclude>
    <ClInclude Include="Libraries\physx\PxScene.h">
      <Filter>Header Files</Filter>
    </ClInclude>
    <ClInclude Include="Libraries\physx\PxSceneDesc.h">
      <Filter>Header Files</Filter>
    </ClInclude>
    <ClInclude Include="Libraries\physx\PxSceneLock.h">
      <Filter>Header Files</Filter>
    </ClInclude>
    <ClInclude Include="Libraries\physx\PxSceneQueryDesc.h">
      <Filter>Header Files</Filter>
    </ClInclude>
    <ClInclude Include="Libraries\physx\PxSceneQuerySystem.h">
      <Filter>Header Files</Filter>
    </ClInclude>
    <ClInclude Include="Libraries\physx\PxSDFBuilder.h">
      <Filter>Header Files</Filter>
    </ClInclude>
    <ClInclude Include="Libraries\physx\PxShape.h">
      <Filter>Header Files</Filter>
    </ClInclude>
    <ClInclude Include="Libraries\physx\PxSimulationEventCallback.h">
      <Filter>Header Files</Filter>
    </ClInclude>
    <ClInclude Include="Libraries\physx\PxSimulationStatistics.h">
      <Filter>Header Files</Filter>
    </ClInclude>
    <ClInclude Include="Libraries\physx\PxSmoothing.h">
      <Filter>Header Files</Filter>
    </ClInclude>
    <ClInclude Include="Libraries\physx\PxSoftBody.h">
      <Filter>Header Files</Filter>
    </ClInclude>
    <ClInclude Include="Libraries\physx\PxSoftBodyFlag.h">
      <Filter>Header Files</Filter>
    </ClInclude>
    <ClInclude Include="Libraries\physx\PxSparseGridParams.h">
      <Filter>Header Files</Filter>
    </ClInclude>
    <ClInclude Include="Libraries\physx\PxVisualizationParameter.h">
      <Filter>Header Files</Filter>
    </ClInclude>
    <ClInclude Include="Libraries\physx\solver\PxSolverDefs.h">
      <Filter>Header Files</Filter>
    </ClInclude>
    <ClInclude Include="Libraries\physx\task\PxCpuDispatcher.h">
      <Filter>Header Files</Filter>
    </ClInclude>
    <ClInclude Include="Libraries\physx\task\PxTask.h">
      <Filter>Header Files</Filter>
    </ClInclude>
    <ClInclude Include="Libraries\physx\task\PxTaskManager.h">
      <Filter>Header Files</Filter>
    </ClInclude>
    <ClInclude Include="Libraries\physx\vehicle2\braking\PxVehicleBrakingFunctions.h">
      <Filter>Header Files</Filter>
    </ClInclude>
    <ClInclude Include="Libraries\physx\vehicle2\braking\PxVehicleBrakingParams.h">
      <Filter>Header Files</Filter>
    </ClInclude>
    <ClInclude Include="Libraries\physx\vehicle2\commands\PxVehicleCommandHelpers.h">
      <Filter>Header Files</Filter>
    </ClInclude>
    <ClInclude Include="Libraries\physx\vehicle2\commands\PxVehicleCommandParams.h">
      <Filter>Header Files</Filter>
    </ClInclude>
    <ClInclude Include="Libraries\physx\vehicle2\commands\PxVehicleCommandStates.h">
      <Filter>Header Files</Filter>
    </ClInclude>
    <ClInclude Include="Libraries\physx\vehicle2\drivetrain\PxVehicleDrivetrainComponents.h">
      <Filter>Header Files</Filter>
    </ClInclude>
    <ClInclude Include="Libraries\physx\vehicle2\drivetrain\PxVehicleDrivetrainFunctions.h">
      <Filter>Header Files</Filter>
    </ClInclude>
    <ClInclude Include="Libraries\physx\vehicle2\drivetrain\PxVehicleDrivetrainHelpers.h">
      <Filter>Header Files</Filter>
    </ClInclude>
    <ClInclude Include="Libraries\physx\vehicle2\drivetrain\PxVehicleDrivetrainParams.h">
      <Filter>Header Files</Filter>
    </ClInclude>
    <ClInclude Include="Libraries\physx\vehicle2\drivetrain\PxVehicleDrivetrainStates.h">
      <Filter>Header Files</Filter>
    </ClInclude>
    <ClInclude Include="Libraries\physx\vehicle2\physxActor\PxVehiclePhysXActorComponents.h">
      <Filter>Header Files</Filter>
    </ClInclude>
    <ClInclude Include="Libraries\physx\vehicle2\physxActor\PxVehiclePhysXActorFunctions.h">
      <Filter>Header Files</Filter>
    </ClInclude>
    <ClInclude Include="Libraries\physx\vehicle2\physxActor\PxVehiclePhysXActorHelpers.h">
      <Filter>Header Files</Filter>
    </ClInclude>
    <ClInclude Include="Libraries\physx\vehicle2\physxActor\PxVehiclePhysXActorStates.h">
      <Filter>Header Files</Filter>
    </ClInclude>
    <ClInclude Include="Libraries\physx\vehicle2\physxConstraints\PxVehiclePhysXConstraintComponents.h">
      <Filter>Header Files</Filter>
    </ClInclude>
    <ClInclude Include="Libraries\physx\vehicle2\physxConstraints\PxVehiclePhysXConstraintFunctions.h">
      <Filter>Header Files</Filter>
    </ClInclude>
    <ClInclude Include="Libraries\physx\vehicle2\physxConstraints\PxVehiclePhysXConstraintHelpers.h">
      <Filter>Header Files</Filter>
    </ClInclude>
    <ClInclude Include="Libraries\physx\vehicle2\physxConstraints\PxVehiclePhysXConstraintParams.h">
      <Filter>Header Files</Filter>
    </ClInclude>
    <ClInclude Include="Libraries\physx\vehicle2\physxConstraints\PxVehiclePhysXConstraintStates.h">
      <Filter>Header Files</Filter>
    </ClInclude>
    <ClInclude Include="Libraries\physx\vehicle2\physxRoadGeometry\PxVehiclePhysXRoadGeometryComponents.h">
      <Filter>Header Files</Filter>
    </ClInclude>
    <ClInclude Include="Libraries\physx\vehicle2\physxRoadGeometry\PxVehiclePhysXRoadGeometryFunctions.h">
      <Filter>Header Files</Filter>
    </ClInclude>
    <ClInclude Include="Libraries\physx\vehicle2\physxRoadGeometry\PxVehiclePhysXRoadGeometryHelpers.h">
      <Filter>Header Files</Filter>
    </ClInclude>
    <ClInclude Include="Libraries\physx\vehicle2\physxRoadGeometry\PxVehiclePhysXRoadGeometryParams.h">
      <Filter>Header Files</Filter>
    </ClInclude>
    <ClInclude Include="Libraries\physx\vehicle2\physxRoadGeometry\PxVehiclePhysXRoadGeometryState.h">
      <Filter>Header Files</Filter>
    </ClInclude>
    <ClInclude Include="Libraries\physx\vehicle2\pvd\PxVehiclePvdComponents.h">
      <Filter>Header Files</Filter>
    </ClInclude>
    <ClInclude Include="Libraries\physx\vehicle2\pvd\PxVehiclePvdFunctions.h">
      <Filter>Header Files</Filter>
    </ClInclude>
    <ClInclude Include="Libraries\physx\vehicle2\pvd\PxVehiclePvdHelpers.h">
      <Filter>Header Files</Filter>
    </ClInclude>
    <ClInclude Include="Libraries\physx\vehicle2\PxVehicleAPI.h">
      <Filter>Header Files</Filter>
    </ClInclude>
    <ClInclude Include="Libraries\physx\vehicle2\PxVehicleComponent.h">
      <Filter>Header Files</Filter>
    </ClInclude>
    <ClInclude Include="Libraries\physx\vehicle2\PxVehicleComponentSequence.h">
      <Filter>Header Files</Filter>
    </ClInclude>
    <ClInclude Include="Libraries\physx\vehicle2\PxVehicleFunctions.h">
      <Filter>Header Files</Filter>
    </ClInclude>
    <ClInclude Include="Libraries\physx\vehicle2\PxVehicleLimits.h">
      <Filter>Header Files</Filter>
    </ClInclude>
    <ClInclude Include="Libraries\physx\vehicle2\PxVehicleMaths.h">
      <Filter>Header Files</Filter>
    </ClInclude>
    <ClInclude Include="Libraries\physx\vehicle2\PxVehicleParams.h">
      <Filter>Header Files</Filter>
    </ClInclude>
    <ClInclude Include="Libraries\physx\vehicle2\rigidBody\PxVehicleRigidBodyComponents.h">
      <Filter>Header Files</Filter>
    </ClInclude>
    <ClInclude Include="Libraries\physx\vehicle2\rigidBody\PxVehicleRigidBodyFunctions.h">
      <Filter>Header Files</Filter>
    </ClInclude>
    <ClInclude Include="Libraries\physx\vehicle2\rigidBody\PxVehicleRigidBodyParams.h">
      <Filter>Header Files</Filter>
    </ClInclude>
    <ClInclude Include="Libraries\physx\vehicle2\rigidBody\PxVehicleRigidBodyStates.h">
      <Filter>Header Files</Filter>
    </ClInclude>
    <ClInclude Include="Libraries\physx\vehicle2\roadGeometry\PxVehicleRoadGeometryState.h">
      <Filter>Header Files</Filter>
    </ClInclude>
    <ClInclude Include="Libraries\physx\vehicle2\steering\PxVehicleSteeringFunctions.h">
      <Filter>Header Files</Filter>
    </ClInclude>
    <ClInclude Include="Libraries\physx\vehicle2\steering\PxVehicleSteeringParams.h">
      <Filter>Header Files</Filter>
    </ClInclude>
    <ClInclude Include="Libraries\physx\vehicle2\suspension\PxVehicleSuspensionComponents.h">
      <Filter>Header Files</Filter>
    </ClInclude>
    <ClInclude Include="Libraries\physx\vehicle2\suspension\PxVehicleSuspensionFunctions.h">
      <Filter>Header Files</Filter>
    </ClInclude>
    <ClInclude Include="Libraries\physx\vehicle2\suspension\PxVehicleSuspensionHelpers.h">
      <Filter>Header Files</Filter>
    </ClInclude>
    <ClInclude Include="Libraries\physx\vehicle2\suspension\PxVehicleSuspensionParams.h">
      <Filter>Header Files</Filter>
    </ClInclude>
    <ClInclude Include="Libraries\physx\vehicle2\suspension\PxVehicleSuspensionStates.h">
      <Filter>Header Files</Filter>
    </ClInclude>
    <ClInclude Include="Libraries\physx\vehicle2\tire\PxVehicleTireComponents.h">
      <Filter>Header Files</Filter>
    </ClInclude>
    <ClInclude Include="Libraries\physx\vehicle2\tire\PxVehicleTireFunctions.h">
      <Filter>Header Files</Filter>
    </ClInclude>
    <ClInclude Include="Libraries\physx\vehicle2\tire\PxVehicleTireHelpers.h">
      <Filter>Header Files</Filter>
    </ClInclude>
    <ClInclude Include="Libraries\physx\vehicle2\tire\PxVehicleTireParams.h">
      <Filter>Header Files</Filter>
    </ClInclude>
    <ClInclude Include="Libraries\physx\vehicle2\tire\PxVehicleTireStates.h">
      <Filter>Header Files</Filter>
    </ClInclude>
    <ClInclude Include="Libraries\physx\vehicle2\wheel\PxVehicleWheelComponents.h">
      <Filter>Header Files</Filter>
    </ClInclude>
    <ClInclude Include="Libraries\physx\vehicle2\wheel\PxVehicleWheelFunctions.h">
      <Filter>Header Files</Filter>
    </ClInclude>
    <ClInclude Include="Libraries\physx\vehicle2\wheel\PxVehicleWheelHelpers.h">
      <Filter>Header Files</Filter>
    </ClInclude>
    <ClInclude Include="Libraries\physx\vehicle2\wheel\PxVehicleWheelParams.h">
      <Filter>Header Files</Filter>
    </ClInclude>
    <ClInclude Include="Libraries\physx\vehicle2\wheel\PxVehicleWheelStates.h">
      <Filter>Header Files</Filter>
    </ClInclude>
    <ClInclude Include="src\Renderer\API\InputAPI\InputAPI.h">
      <Filter>Header Files</Filter>
    </ClInclude>
    <ClInclude Include="src\Renderer\API\WindowAPI\openglWindowAPI.h">
      <Filter>Header Files</Filter>
    </ClInclude>
    <ClInclude Include="src\Renderer\API\WindowAPI\WindowAPI.h">
      <Filter>Header Files</Filter>
    </ClInclude>
    <ClInclude Include="src\Renderer\ECS\Component.h">
      <Filter>Header Files</Filter>
    </ClInclude>
    <ClInclude Include="src\Renderer\ECS\System.h">
      <Filter>Header Files</Filter>
    </ClInclude>
  </ItemGroup>
  <ItemGroup>
    <None Include="FileName.txt" />
  </ItemGroup>
  <ItemGroup>
    <Library Include="lib\BulletCollision.lib" />
    <Library Include="lib\BulletDynamics.lib" />
    <Library Include="lib\LinearMath.lib" />
    <Library Include="lib\glfw3.lib" />
    <Library Include="lib\PhysX_64.lib" />
    <Library Include="lib\PhysXCommon_64.lib" />
    <Library Include="lib\PhysXCooking_64.lib" />
    <Library Include="lib\PhysXExtensions_static_64.lib" />
    <Library Include="lib\PhysXFoundation_64.lib" />
  </ItemGroup>
</Project>