<?xml version="1.0" encoding="utf-8"?>
<Project ToolsVersion="4.0" xmlns="http://schemas.microsoft.com/developer/msbuild/2003">
  <ItemGroup>
    <Filter Include="Source Files">
      <UniqueIdentifier>{4FC737F1-C7A5-4376-A066-2A32D752A2FF}</UniqueIdentifier>
      <Extensions>cpp;c;cc;cxx;c++;cppm;ixx;def;odl;idl;hpj;bat;asm;asmx</Extensions>
    </Filter>
    <Filter Include="Header Files">
      <UniqueIdentifier>{93995380-89BD-4b04-88EB-625FBE52EBFB}</UniqueIdentifier>
      <Extensions>h;hh;hpp;hxx;h++;hm;inl;inc;ipp;xsd</Extensions>
    </Filter>
    <Filter Include="Resource Files">
      <UniqueIdentifier>{67DA6AB6-F800-4c08-8B7A-83BB121AAD01}</UniqueIdentifier>
      <Extensions>rc;ico;cur;bmp;dlg;rc2;rct;bin;rgs;gif;jpg;jpeg;jpe;resx;tiff;tif;png;wav;mfcribbon-ms</Extensions>
    </Filter>
  </ItemGroup>
  <ItemGroup>
    <ClCompile Include="src\Core\Log Managment\Logger .cpp">
      <Filter>Source Files</Filter>
    </ClCompile>
    <ClCompile Include="vendor\Source.cpp">
      <Filter>Source Files</Filter>
    </ClCompile>
    <ClCompile Include="NewFolder1\FileName.cpp">
      <Filter>Source Files</Filter>
    </ClCompile>
    <ClCompile Include="src\Input &amp; Output Manager\Input System\openglInput.cpp">
      <Filter>Source Files</Filter>
    </ClCompile>
    <ClCompile Include="src\Renderer\Loader\ShaderLoader.cpp">
      <Filter>Source Files</Filter>
    </ClCompile>
    <ClCompile Include="src\Renderer\Loader\TextureLoader.cpp">
      <Filter>Source Files</Filter>
    </ClCompile>
    <ClCompile Include="src\Renderer\API\GraphicsAPI\openglGraphicAPI.cpp">
      <Filter>Header Files</Filter>
    </ClCompile>
    <ClCompile Include="src\Renderer\API\WindowAPI\openglWindowAPI.cpp">
      <Filter>Header Files</Filter>
    </ClCompile>
    <ClCompile Include="src\Renderer\Loader\ModelLoader.cpp">
      <Filter>Source Files</Filter>
    </ClCompile>
    <ClCompile Include="src\Editor\Application.cpp">
      <Filter>Source Files</Filter>
    </ClCompile>
    <ClCompile Include="src\Editor\ImGui\imgui_impl_glfw.cpp">
      <Filter>Source Files</Filter>
    </ClCompile>
    <ClCompile Include="src\Editor\ImGui\imgui_impl_opengl3.cpp">
      <Filter>Source Files</Filter>
    </ClCompile>
    <ClCompile Include="src\Editor\Random.cpp">
      <Filter>Source Files</Filter>
    </ClCompile>
    <ClCompile Include="src\Editor\EntryPoint.cpp">
      <Filter>Source Files</Filter>
    </ClCompile>
    <ClCompile Include="src\Editor\ImGui\imgui.cpp">
      <Filter>Source Files</Filter>
    </ClCompile>
    <ClCompile Include="src\Editor\ImGui\imgui_demo.cpp">
      <Filter>Source Files</Filter>
    </ClCompile>
    <ClCompile Include="src\Editor\ImGui\imgui_draw.cpp">
      <Filter>Source Files</Filter>
    </ClCompile>
    <ClCompile Include="src\Editor\ImGui\imgui_tables.cpp">
      <Filter>Source Files</Filter>
    </ClCompile>
    <ClCompile Include="src\Editor\ImGui\imgui_widgets.cpp">
      <Filter>Source Files</Filter>
    </ClCompile>
    <ClCompile Include="src\Editor\Editor.cpp">
      <Filter>Header Files</Filter>
    </ClCompile>
  </ItemGroup>
  <ItemGroup>
    <ClInclude Include="Umbrella Engine.h">
      <Filter>Header Files</Filter>
    </ClInclude>
    <ClInclude Include="src\Core\Log Managment\Logger.h">
      <Filter>Header Files</Filter>
    </ClInclude>
    <ClInclude Include="src\Renderer\API\GraphicsAPI\GraphicsAPI.h">
      <Filter>Header Files</Filter>
    </ClInclude>
    <ClInclude Include="src\Renderer\ECS\Entity.h">
      <Filter>Header Files</Filter>
    </ClInclude>
    <ClInclude Include="src\Renderer\Data\Data.h">
      <Filter>Header Files</Filter>
    </ClInclude>
    <ClInclude Include="src\Input\InputManager.h">
      <Filter>Header Files</Filter>
    </ClInclude>
    <ClInclude Include="src\Physics\API\PhysicsBody.h">
      <Filter>Header Files</Filter>
    </ClInclude>
    <ClInclude Include="src\Physics\API\PhysicsWorldAPI.h">
      <Filter>Header Files</Filter>
    </ClInclude>
    <ClInclude Include="src\Physics\BuletAPI\BulletPhysicsWorldAPI.h">
      <Filter>Header Files</Filter>
    </ClInclude>
    <ClInclude Include="src\Physics\BuletAPI\BulletPhysicsBody.h">
      <Filter>Header Files</Filter>
    </ClInclude>
    <ClInclude Include="src\Renderer\API\WindowAPI\WindowAPI.h">
      <Filter>Header Files</Filter>
    </ClInclude>
    <ClInclude Include="src\Renderer\ECS\Component.h">
      <Filter>Header Files</Filter>
    </ClInclude>
    <ClInclude Include="src\Renderer\ECS\System.h">
      <Filter>Header Files</Filter>
    </ClInclude>
    <ClInclude Include="src\Input\Event Manager\EventManager.h">
      <Filter>Header Files</Filter>
    </ClInclude>
    <ClInclude Include="src\Core\Hash\HashMaker.h">
      <Filter>Header Files</Filter>
    </ClInclude>
    <ClInclude Include="src\Core\FileSystem\FileSystem.h">
      <Filter>Header Files</Filter>
    </ClInclude>
    <ClInclude Include="src\Core\Data\Data.h">
      <Filter>Header Files</Filter>
    </ClInclude>
    <ClInclude Include="src\Core\Memory Management\Memory Management.h">
      <Filter>Header Files</Filter>
    </ClInclude>
    <ClInclude Include="src\Event Manager\EventManager.h">
      <Filter>Header Files</Filter>
    </ClInclude>
    <ClInclude Include="src\Input &amp; Output Manager\Input &amp; Output File\FileSystem.h">
      <Filter>Header Files</Filter>
    </ClInclude>
    <ClInclude Include="src\Input &amp; Output Manager\Input System\InputSystem.h">
      <Filter>Header Files</Filter>
    </ClInclude>
    <ClInclude Include="src\Renderer\ECS\Object.h">
      <Filter>Header Files</Filter>
    </ClInclude>
    <ClInclude Include="src\Renderer\ECS\old Component.h">
      <Filter>Header Files</Filter>
    </ClInclude>
    <ClInclude Include="src\Renderer\ECS\old System.h">
      <Filter>Header Files</Filter>
    </ClInclude>
    <ClInclude Include="src\Renderer\ECS\RenderQueue.h">
      <Filter>Header Files</Filter>
    </ClInclude>
    <ClInclude Include="src\Renderer\Loader\AssetManager.h">
      <Filter>Header Files</Filter>
    </ClInclude>
    <ClInclude Include="src\AssetManager\AssetManager.h">
      <Filter>Header Files</Filter>
    </ClInclude>
    <ClInclude Include="src\Input &amp; Output Manager\Input &amp; Output File\ReadFile.h">
      <Filter>Header Files</Filter>
    </ClInclude>
    <ClInclude Include="src\Scene\Scene.h">
      <Filter>Header Files</Filter>
    </ClInclude>
    <ClInclude Include="src\Editor\ImGui\ImGuiBuild.h">
      <Filter>Header Files</Filter>
    </ClInclude>
    <ClInclude Include="src\Editor\Application.h">
      <Filter>Header Files</Filter>
    </ClInclude>
    <ClInclude Include="src\Editor\ImGui\imgui_impl_glfw.h">
      <Filter>Header Files</Filter>
    </ClInclude>
    <ClInclude Include="src\Editor\ImGui\imgui_impl_opengl3.h">
      <Filter>Header Files</Filter>
    </ClInclude>
    <ClInclude Include="src\Editor\ImGui\imgui_impl_opengl3_loader.h">
      <Filter>Header Files</Filter>
    </ClInclude>
    <ClInclude Include="src\Editor\Layer.h">
      <Filter>Header Files</Filter>
    </ClInclude>
    <ClInclude Include="src\Editor\Random.h">
      <Filter>Header Files</Filter>
    </ClInclude>
    <ClInclude Include="src\Editor\Timer.h">
      <Filter>Header Files</Filter>
    </ClInclude>
    <ClInclude Include="src\Editor\ImGui\imgui.h">
      <Filter>Header Files</Filter>
    </ClInclude>
    <ClInclude Include="src\Editor\ImGui\imconfig.h">
      <Filter>Header Files</Filter>
    </ClInclude>
    <ClInclude Include="src\Editor\ImGui\imgui_internal.h">
      <Filter>Header Files</Filter>
    </ClInclude>
    <ClInclude Include="src\Editor\ImGui\imstb_rectpack.h">
      <Filter>Header Files</Filter>
    </ClInclude>
    <ClInclude Include="src\Editor\ImGui\imstb_textedit.h">
      <Filter>Header Files</Filter>
    </ClInclude>
    <ClInclude Include="src\Editor\ImGui\imstb_truetype.h">
      <Filter>Header Files</Filter>
    </ClInclude>
  </ItemGroup>
  <ItemGroup>
    <None Include="FileName.txt" />
  </ItemGroup>
  <ItemGroup>
    <Library Include="lib\glfw3.lib" />
  </ItemGroup>
</Project>